
Microsoft Visual Studio Solution File, Format Version 12.00
# Visual Studio 14
VisualStudioVersion = 14.0.25420.1
MinimumVisualStudioVersion = 10.0.40219.1
Project("{FAE04EC0-301F-11D3-BF4B-00C04F79EFBC}") = "TTDAT", "TTDAT\TTDAT.csproj", "{1755A06B-20A2-4CC3-B9C0-3330361B809D}"
EndProject
Global
	GlobalSection(SolutionConfigurationPlatforms) = preSolution
		Debug|Any CPU = Debug|Any CPU
		Release|Any CPU = Release|Any CPU
	EndGlobalSection
	GlobalSection(ProjectConfigurationPlatforms) = postSolution
		{1755A06B-20A2-4CC3-B9C0-3330361B809D}.Debug|Any CPU.ActiveCfg = Debug|Any CPU
		{1755A06B-20A2-4CC3-B9C0-3330361B809D}.Debug|Any CPU.Build.0 = Debug|Any CPU
		{1755A06B-20A2-4CC3-B9C0-3330361B809D}.Release|Any CPU.ActiveCfg = Release|Any CPU
		{1755A06B-20A2-4CC3-B9C0-3330361B809D}.Release|Any CPU.Build.0 = Release|Any CPU
	EndGlobalSection
	GlobalSection(SolutionProperties) = preSolution
		HideSolutionNode = FALSE
	EndGlobalSection
EndGlobal
